
Microsoft Visual Studio Solution File, Format Version 12.00
# Visual Studio Version 17
VisualStudioVersion = 17.10.34916.146
MinimumVisualStudioVersion = 10.0.40219.1
Project("{FAE04EC0-301F-11D3-BF4B-00C04F79EFBC}") = "emoji(sob)", "emoji(sob)\emoji(sob).csproj", "{EC9CB1A2-CFE9-4349-ADC6-995FCC7A3179}"
EndProject
Global
	GlobalSection(SolutionConfigurationPlatforms) = preSolution
		Debug|Any CPU = Debug|Any CPU
		Release|Any CPU = Release|Any CPU
	EndGlobalSection
	GlobalSection(ProjectConfigurationPlatforms) = postSolution
		{EC9CB1A2-CFE9-4349-ADC6-995FCC7A3179}.Debug|Any CPU.ActiveCfg = Debug|Any CPU
		{EC9CB1A2-CFE9-4349-ADC6-995FCC7A3179}.Debug|Any CPU.Build.0 = Debug|Any CPU
		{EC9CB1A2-CFE9-4349-ADC6-995FCC7A3179}.Release|Any CPU.ActiveCfg = Release|Any CPU
		{EC9CB1A2-CFE9-4349-ADC6-995FCC7A3179}.Release|Any CPU.Build.0 = Release|Any CPU
	EndGlobalSection
	GlobalSection(SolutionProperties) = preSolution
		HideSolutionNode = FALSE
	EndGlobalSection
	GlobalSection(ExtensibilityGlobals) = postSolution
		SolutionGuid = {6C02B714-D807-4353-AA9F-12BC4167E4AD}
	EndGlobalSection
EndGlobal
